
Microsoft Visual Studio Solution File, Format Version 12.00
# Visual Studio Version 16
VisualStudioVersion = 16.0.31702.278
MinimumVisualStudioVersion = 10.0.40219.1
Project("{9A19103F-16F7-4668-BE54-9A1E7A4F7556}") = "VersionTracker", "VersionTracker\VersionTracker.csproj", "{DD70F07C-2F85-4322-9EE3-20BA6DCA0569}"
EndProject
Project("{FAE04EC0-301F-11D3-BF4B-00C04F79EFBC}") = "VersionTracker.Tests", "VersionTracker.Tests\VersionTracker.Tests.csproj", "{29BC61F2-B2B4-44BD-826D-67D340B944E2}"
EndProject
Global
	GlobalSection(SolutionConfigurationPlatforms) = preSolution
		Debug|Any CPU = Debug|Any CPU
		Release|Any CPU = Release|Any CPU
	EndGlobalSection
	GlobalSection(ProjectConfigurationPlatforms) = postSolution
		{DD70F07C-2F85-4322-9EE3-20BA6DCA0569}.Debug|Any CPU.ActiveCfg = Debug|Any CPU
		{DD70F07C-2F85-4322-9EE3-20BA6DCA0569}.Debug|Any CPU.Build.0 = Debug|Any CPU
		{DD70F07C-2F85-4322-9EE3-20BA6DCA0569}.Release|Any CPU.ActiveCfg = Release|Any CPU
		{DD70F07C-2F85-4322-9EE3-20BA6DCA0569}.Release|Any CPU.Build.0 = Release|Any CPU
		{29BC61F2-B2B4-44BD-826D-67D340B944E2}.Debug|Any CPU.ActiveCfg = Debug|Any CPU
		{29BC61F2-B2B4-44BD-826D-67D340B944E2}.Debug|Any CPU.Build.0 = Debug|Any CPU
		{29BC61F2-B2B4-44BD-826D-67D340B944E2}.Release|Any CPU.ActiveCfg = Release|Any CPU
		{29BC61F2-B2B4-44BD-826D-67D340B944E2}.Release|Any CPU.Build.0 = Release|Any CPU
	EndGlobalSection
	GlobalSection(SolutionProperties) = preSolution
		HideSolutionNode = FALSE
	EndGlobalSection
	GlobalSection(ExtensibilityGlobals) = postSolution
		SolutionGuid = {7D17F0C8-0CF5-496D-81D6-745B69EFCEDD}
	EndGlobalSection
EndGlobal
